
Microsoft Visual Studio Solution File, Format Version 12.00
# Visual Studio Version 17
VisualStudioVersion = 17.10.35013.160
MinimumVisualStudioVersion = 10.0.40219.1
Project("{9A19103F-16F7-4668-BE54-9A1E7A4F7556}") = "Streamer Hub", "Streamer Hub.csproj", "{D484C784-8C8B-44E0-B59F-E9E53C69263A}"
EndProject
Global
	GlobalSection(SolutionConfigurationPlatforms) = preSolution
		Debug|Any CPU = Debug|Any CPU
		Release|Any CPU = Release|Any CPU
	EndGlobalSection
	GlobalSection(ProjectConfigurationPlatforms) = postSolution
		{D484C784-8C8B-44E0-B59F-E9E53C69263A}.Debug|Any CPU.ActiveCfg = Debug|Any CPU
		{D484C784-8C8B-44E0-B59F-E9E53C69263A}.Debug|Any CPU.Build.0 = Debug|Any CPU
		{D484C784-8C8B-44E0-B59F-E9E53C69263A}.Release|Any CPU.ActiveCfg = Release|Any CPU
		{D484C784-8C8B-44E0-B59F-E9E53C69263A}.Release|Any CPU.Build.0 = Release|Any CPU
	EndGlobalSection
	GlobalSection(SolutionProperties) = preSolution
		HideSolutionNode = FALSE
	EndGlobalSection
	GlobalSection(ExtensibilityGlobals) = postSolution
		SolutionGuid = {EC8B9021-79D8-4D20-9120-0B86A39BE609}
	EndGlobalSection
EndGlobal
